<Solution>
  <Project Path="src/Asphalt/Asphalt.csproj" />
  <Project Path="src/Asphalt.Core/Asphalt.Core.csproj" />
  <Project Path="src/Asphalt.Widgets/Asphalt.Widgets.csproj" />
  <Project Path="src/Asphalt.Core.Tests/Asphalt.Core.Tests.csproj" />
  <Project Path="src/Asphalt.Widgets.Tests/Asphalt.Widgets.Tests.csproj" />
  <Folder Name="/apps/">
    <Project Path="apps/FileManager/FileManager.csproj" />
  </Folder>
</Solution>
